// !$*UTF8*$!
{
	archiveVersion = 1;
	classes = {
	};
	objectVersion = 46;
	objects = {

/* Begin PBXBuildFile section */
		8433929B1A8D0B2500E5B01B /* WishListGift.swift in Sources */ = {isa = PBXBuildFile; fileRef = 8433929A1A8D0B2500E5B01B /* WishListGift.swift */; };
		8433929D1A8D2C1A00E5B01B /* DatabaseConnection.swift in Sources */ = {isa = PBXBuildFile; fileRef = 8433929C1A8D2C1A00E5B01B /* DatabaseConnection.swift */; };
		8446A9901A8BC07800D51024 /* LoginViewController.swift in Sources */ = {isa = PBXBuildFile; fileRef = 8446A98F1A8BC07800D51024 /* LoginViewController.swift */; };
		8446A9971A8D00F200D51024 /* Users.swift in Sources */ = {isa = PBXBuildFile; fileRef = 8446A9961A8D00F200D51024 /* Users.swift */; };
		8446A9991A8D055000D51024 /* WishListTableViewController.swift in Sources */ = {isa = PBXBuildFile; fileRef = 8446A9981A8D055000D51024 /* WishListTableViewController.swift */; };
		849337AC1A8E6927003456B5 /* Alamofire.framework in Frameworks */ = {isa = PBXBuildFile; fileRef = 849337A91A8E6913003456B5 /* Alamofire.framework */; };
		849337AD1A8E6927003456B5 /* Alamofire.framework in Embed Frameworks */ = {isa = PBXBuildFile; fileRef = 849337A91A8E6913003456B5 /* Alamofire.framework */; settings = {ATTRIBUTES = (CodeSignOnCopy, RemoveHeadersOnCopy, ); }; };
		849337B21A905551003456B5 /* SwiftyJSON.swift in Sources */ = {isa = PBXBuildFile; fileRef = 849337B11A905551003456B5 /* SwiftyJSON.swift */; };
		849337B41A914F58003456B5 /* AddGiftViewController.swift in Sources */ = {isa = PBXBuildFile; fileRef = 849337B31A914F58003456B5 /* AddGiftViewController.swift */; };
		849337B61A91AE63003456B5 /* GiftDetailViewController.swift in Sources */ = {isa = PBXBuildFile; fileRef = 849337B51A91AE63003456B5 /* GiftDetailViewController.swift */; };
		849337BA1A94137F003456B5 /* EventsTableViewController.swift in Sources */ = {isa = PBXBuildFile; fileRef = 849337B91A94137F003456B5 /* EventsTableViewController.swift */; };
		8E97304F1A86BA2C006543B1 /* AppDelegate.swift in Sources */ = {isa = PBXBuildFile; fileRef = 8E97304E1A86BA2C006543B1 /* AppDelegate.swift */; };
		8E9730561A86BA2C006543B1 /* Main.storyboard in Resources */ = {isa = PBXBuildFile; fileRef = 8E9730541A86BA2C006543B1 /* Main.storyboard */; };
		8E9730581A86BA2C006543B1 /* Images.xcassets in Resources */ = {isa = PBXBuildFile; fileRef = 8E9730571A86BA2C006543B1 /* Images.xcassets */; };
		8E97305B1A86BA2C006543B1 /* LaunchScreen.xib in Resources */ = {isa = PBXBuildFile; fileRef = 8E9730591A86BA2C006543B1 /* LaunchScreen.xib */; };
		8E9730671A86BA2C006543B1 /* iWishTests.swift in Sources */ = {isa = PBXBuildFile; fileRef = 8E9730661A86BA2C006543B1 /* iWishTests.swift */; };
		8EDE536E1A8920DC008B49A0 /* ViewController.swift in Sources */ = {isa = PBXBuildFile; fileRef = 8EDE536D1A8920DC008B49A0 /* ViewController.swift */; };
		CD4041501A967D5E00DB40D5 /* Users.swift in Sources */ = {isa = PBXBuildFile; fileRef = 8446A9961A8D00F200D51024 /* Users.swift */; };
		CD4041521A967D6800DB40D5 /* AddGiftViewController.swift in Sources */ = {isa = PBXBuildFile; fileRef = 849337B31A914F58003456B5 /* AddGiftViewController.swift */; };
		CD4041531A967D6A00DB40D5 /* GiftDetailViewController.swift in Sources */ = {isa = PBXBuildFile; fileRef = 849337B51A91AE63003456B5 /* GiftDetailViewController.swift */; };
		CD4041541A967D6D00DB40D5 /* ViewController.swift in Sources */ = {isa = PBXBuildFile; fileRef = 8EDE536D1A8920DC008B49A0 /* ViewController.swift */; };
		CD4041551A967D6F00DB40D5 /* LoginViewController.swift in Sources */ = {isa = PBXBuildFile; fileRef = 8446A98F1A8BC07800D51024 /* LoginViewController.swift */; };
		CD4041561A967D7100DB40D5 /* WishListTableViewController.swift in Sources */ = {isa = PBXBuildFile; fileRef = 8446A9981A8D055000D51024 /* WishListTableViewController.swift */; };
		CD4041571A967D7400DB40D5 /* EventsTableViewController.swift in Sources */ = {isa = PBXBuildFile; fileRef = 849337B91A94137F003456B5 /* EventsTableViewController.swift */; };
		CD4041581A967D7900DB40D5 /* WishListGift.swift in Sources */ = {isa = PBXBuildFile; fileRef = 8433929A1A8D0B2500E5B01B /* WishListGift.swift */; };
		CD4041591A967D7F00DB40D5 /* DatabaseConnection.swift in Sources */ = {isa = PBXBuildFile; fileRef = 8433929C1A8D2C1A00E5B01B /* DatabaseConnection.swift */; };
		CD40415A1A967D8800DB40D5 /* AppDelegate.swift in Sources */ = {isa = PBXBuildFile; fileRef = 8E97304E1A86BA2C006543B1 /* AppDelegate.swift */; };
		CD40415B1A967D8C00DB40D5 /* SwiftyJSON.swift in Sources */ = {isa = PBXBuildFile; fileRef = 849337B11A905551003456B5 /* SwiftyJSON.swift */; };
		CD8ACFBF1A96BBFB00426C14 /* unicorn.jpg in Resources */ = {isa = PBXBuildFile; fileRef = CD8ACFBE1A96BBFB00426C14 /* unicorn.jpg */; };
		CD8ACFC11A96C19B00426C14 /* user168.png in Resources */ = {isa = PBXBuildFile; fileRef = CD8ACFC01A96C19B00426C14 /* user168.png */; };
		CD8ACFC31A96C20100426C14 /* door24.png in Resources */ = {isa = PBXBuildFile; fileRef = CD8ACFC21A96C20100426C14 /* door24.png */; };
		CDA585C01A980C9E009842E9 /* AddRemoveGiftTests.swift in Sources */ = {isa = PBXBuildFile; fileRef = CDA585BF1A980C9E009842E9 /* AddRemoveGiftTests.swift */; };
/* End PBXBuildFile section */

/* Begin PBXContainerItemProxy section */
		849337A81A8E6913003456B5 /* PBXContainerItemProxy */ = {
			isa = PBXContainerItemProxy;
			containerPortal = 849337A31A8E6913003456B5 /* Alamofire.xcodeproj */;
			proxyType = 2;
			remoteGlobalIDString = 27AB60071A7FAFBF0069F786;
			remoteInfo = Alamofire;
		};
		849337AA1A8E6913003456B5 /* PBXContainerItemProxy */ = {
			isa = PBXContainerItemProxy;
			containerPortal = 849337A31A8E6913003456B5 /* Alamofire.xcodeproj */;
			proxyType = 2;
			remoteGlobalIDString = 27AB60121A7FAFBF0069F786;
			remoteInfo = AlamofireTests;
		};
		849337AE1A8E6927003456B5 /* PBXContainerItemProxy */ = {
			isa = PBXContainerItemProxy;
			containerPortal = 849337A31A8E6913003456B5 /* Alamofire.xcodeproj */;
			proxyType = 1;
			remoteGlobalIDString = 27AB60061A7FAFBF0069F786;
			remoteInfo = Alamofire;
		};
		8E9730611A86BA2C006543B1 /* PBXContainerItemProxy */ = {
			isa = PBXContainerItemProxy;
			containerPortal = 8E9730411A86BA2C006543B1 /* Project object */;
			proxyType = 1;
			remoteGlobalIDString = 8E9730481A86BA2C006543B1;
			remoteInfo = iWish;
		};
/* End PBXContainerItemProxy section */

/* Begin PBXCopyFilesBuildPhase section */
		849337B01A8E6927003456B5 /* Embed Frameworks */ = {
			isa = PBXCopyFilesBuildPhase;
			buildActionMask = 2147483647;
			dstPath = "";
			dstSubfolderSpec = 10;
			files = (
				849337AD1A8E6927003456B5 /* Alamofire.framework in Embed Frameworks */,
			);
			name = "Embed Frameworks";
			runOnlyForDeploymentPostprocessing = 0;
		};
/* End PBXCopyFilesBuildPhase section */

/* Begin PBXFileReference section */
		8433929A1A8D0B2500E5B01B /* WishListGift.swift */ = {isa = PBXFileReference; fileEncoding = 4; lastKnownFileType = sourcecode.swift; path = WishListGift.swift; sourceTree = "<group>"; };
		8433929C1A8D2C1A00E5B01B /* DatabaseConnection.swift */ = {isa = PBXFileReference; fileEncoding = 4; lastKnownFileType = sourcecode.swift; path = DatabaseConnection.swift; sourceTree = "<group>"; };
		8446A98F1A8BC07800D51024 /* LoginViewController.swift */ = {isa = PBXFileReference; fileEncoding = 4; lastKnownFileType = sourcecode.swift; path = LoginViewController.swift; sourceTree = "<group>"; };
		8446A9961A8D00F200D51024 /* Users.swift */ = {isa = PBXFileReference; fileEncoding = 4; lastKnownFileType = sourcecode.swift; name = Users.swift; path = ../Users.swift; sourceTree = "<group>"; };
		8446A9981A8D055000D51024 /* WishListTableViewController.swift */ = {isa = PBXFileReference; fileEncoding = 4; lastKnownFileType = sourcecode.swift; path = WishListTableViewController.swift; sourceTree = "<group>"; };
		849337A31A8E6913003456B5 /* Alamofire.xcodeproj */ = {isa = PBXFileReference; lastKnownFileType = "wrapper.pb-project"; name = Alamofire.xcodeproj; path = "Alamofire-master/Alamofire.xcodeproj"; sourceTree = "<group>"; };
		849337B11A905551003456B5 /* SwiftyJSON.swift */ = {isa = PBXFileReference; fileEncoding = 4; lastKnownFileType = sourcecode.swift; path = SwiftyJSON.swift; sourceTree = "<group>"; };
		849337B31A914F58003456B5 /* AddGiftViewController.swift */ = {isa = PBXFileReference; fileEncoding = 4; lastKnownFileType = sourcecode.swift; path = AddGiftViewController.swift; sourceTree = "<group>"; };
		849337B51A91AE63003456B5 /* GiftDetailViewController.swift */ = {isa = PBXFileReference; fileEncoding = 4; lastKnownFileType = sourcecode.swift; path = GiftDetailViewController.swift; sourceTree = "<group>"; };
		849337B91A94137F003456B5 /* EventsTableViewController.swift */ = {isa = PBXFileReference; fileEncoding = 4; lastKnownFileType = sourcecode.swift; path = EventsTableViewController.swift; sourceTree = "<group>"; };
		8E9730491A86BA2C006543B1 /* iWish.app */ = {isa = PBXFileReference; explicitFileType = wrapper.application; includeInIndex = 0; path = iWish.app; sourceTree = BUILT_PRODUCTS_DIR; };
		8E97304D1A86BA2C006543B1 /* Info.plist */ = {isa = PBXFileReference; lastKnownFileType = text.plist.xml; path = Info.plist; sourceTree = "<group>"; };
		8E97304E1A86BA2C006543B1 /* AppDelegate.swift */ = {isa = PBXFileReference; lastKnownFileType = sourcecode.swift; path = AppDelegate.swift; sourceTree = "<group>"; };
		8E9730551A86BA2C006543B1 /* Base */ = {isa = PBXFileReference; lastKnownFileType = file.storyboard; name = Base; path = Base.lproj/Main.storyboard; sourceTree = "<group>"; };
		8E9730571A86BA2C006543B1 /* Images.xcassets */ = {isa = PBXFileReference; lastKnownFileType = folder.assetcatalog; path = Images.xcassets; sourceTree = "<group>"; };
		8E97305A1A86BA2C006543B1 /* Base */ = {isa = PBXFileReference; lastKnownFileType = file.xib; name = Base; path = Base.lproj/LaunchScreen.xib; sourceTree = "<group>"; };
		8E9730601A86BA2C006543B1 /* iWishTests.xctest */ = {isa = PBXFileReference; explicitFileType = wrapper.cfbundle; includeInIndex = 0; path = iWishTests.xctest; sourceTree = BUILT_PRODUCTS_DIR; };
		8E9730651A86BA2C006543B1 /* Info.plist */ = {isa = PBXFileReference; lastKnownFileType = text.plist.xml; path = Info.plist; sourceTree = "<group>"; };
		8E9730661A86BA2C006543B1 /* iWishTests.swift */ = {isa = PBXFileReference; lastKnownFileType = sourcecode.swift; path = iWishTests.swift; sourceTree = "<group>"; };
		8EDE536D1A8920DC008B49A0 /* ViewController.swift */ = {isa = PBXFileReference; fileEncoding = 4; lastKnownFileType = sourcecode.swift; path = ViewController.swift; sourceTree = "<group>"; };
		CD8ACFBE1A96BBFB00426C14 /* unicorn.jpg */ = {isa = PBXFileReference; lastKnownFileType = image.jpeg; name = unicorn.jpg; path = ../../../../Desktop/unicorn.jpg; sourceTree = "<group>"; };
		CD8ACFC01A96C19B00426C14 /* user168.png */ = {isa = PBXFileReference; lastKnownFileType = image.png; path = user168.png; sourceTree = "<group>"; };
		CD8ACFC21A96C20100426C14 /* door24.png */ = {isa = PBXFileReference; lastKnownFileType = image.png; path = door24.png; sourceTree = "<group>"; };
		CDA585BF1A980C9E009842E9 /* AddRemoveGiftTests.swift */ = {isa = PBXFileReference; fileEncoding = 4; lastKnownFileType = sourcecode.swift; path = AddRemoveGiftTests.swift; sourceTree = "<group>"; };
/* End PBXFileReference section */

/* Begin PBXFrameworksBuildPhase section */
		8E9730461A86BA2C006543B1 /* Frameworks */ = {
			isa = PBXFrameworksBuildPhase;
			buildActionMask = 2147483647;
			files = (
				849337AC1A8E6927003456B5 /* Alamofire.framework in Frameworks */,
			);
			runOnlyForDeploymentPostprocessing = 0;
		};
		8E97305D1A86BA2C006543B1 /* Frameworks */ = {
			isa = PBXFrameworksBuildPhase;
			buildActionMask = 2147483647;
			files = (
			);
			runOnlyForDeploymentPostprocessing = 0;
		};
/* End PBXFrameworksBuildPhase section */

/* Begin PBXGroup section */
		8446A9931A8BCD6600D51024 /* iWishImages */ = {
			isa = PBXGroup;
			children = (
			);
			path = iWishImages;
			sourceTree = "<group>";
		};
		849337A41A8E6913003456B5 /* Products */ = {
			isa = PBXGroup;
			children = (
				849337A91A8E6913003456B5 /* Alamofire.framework */,
				849337AB1A8E6913003456B5 /* AlamofireTests.xctest */,
			);
			name = Products;
			sourceTree = "<group>";
		};
		8E9730401A86BA2C006543B1 = {
			isa = PBXGroup;
			children = (
				849337A31A8E6913003456B5 /* Alamofire.xcodeproj */,
				8E97304B1A86BA2C006543B1 /* iWish */,
				8E9730631A86BA2C006543B1 /* iWishTests */,
				8E97304A1A86BA2C006543B1 /* Products */,
			);
			sourceTree = "<group>";
		};
		8E97304A1A86BA2C006543B1 /* Products */ = {
			isa = PBXGroup;
			children = (
				8E9730491A86BA2C006543B1 /* iWish.app */,
				8E9730601A86BA2C006543B1 /* iWishTests.xctest */,
			);
			name = Products;
			sourceTree = "<group>";
		};
		8E97304B1A86BA2C006543B1 /* iWish */ = {
			isa = PBXGroup;
			children = (
				8E9730541A86BA2C006543B1 /* Main.storyboard */,
				CD40414B1A967A8800DB40D5 /* View Controllers */,
				CD40414D1A967AB200DB40D5 /* Models */,
				8433929C1A8D2C1A00E5B01B /* DatabaseConnection.swift */,
				8E97304C1A86BA2C006543B1 /* Supporting Files */,
			);
			path = iWish;
			sourceTree = "<group>";
		};
		8E97304C1A86BA2C006543B1 /* Supporting Files */ = {
			isa = PBXGroup;
			children = (
				CD8ACFC21A96C20100426C14 /* door24.png */,
				CD8ACFC01A96C19B00426C14 /* user168.png */,
				CD8ACFBE1A96BBFB00426C14 /* unicorn.jpg */,
				8446A9931A8BCD6600D51024 /* iWishImages */,
				8E9730571A86BA2C006543B1 /* Images.xcassets */,
				8E9730591A86BA2C006543B1 /* LaunchScreen.xib */,
				8E97304E1A86BA2C006543B1 /* AppDelegate.swift */,
				849337B11A905551003456B5 /* SwiftyJSON.swift */,
				8E97304D1A86BA2C006543B1 /* Info.plist */,
			);
			name = "Supporting Files";
			sourceTree = "<group>";
		};
		8E9730631A86BA2C006543B1 /* iWishTests */ = {
			isa = PBXGroup;
			children = (
				8E9730661A86BA2C006543B1 /* iWishTests.swift */,
				CDA585BF1A980C9E009842E9 /* AddRemoveGiftTests.swift */,
				8E9730641A86BA2C006543B1 /* Supporting Files */,
			);
			path = iWishTests;
			sourceTree = "<group>";
		};
		8E9730641A86BA2C006543B1 /* Supporting Files */ = {
			isa = PBXGroup;
			children = (
				8E9730651A86BA2C006543B1 /* Info.plist */,
			);
			name = "Supporting Files";
			sourceTree = "<group>";
		};
		CD4041461A967A3800DB40D5 /* Events ViewControllers */ = {
			isa = PBXGroup;
			children = (
				849337B91A94137F003456B5 /* EventsTableViewController.swift */,
			);
			name = "Events ViewControllers";
			sourceTree = "<group>";
		};
		CD4041471A967A4700DB40D5 /* Wish List ViewControllers */ = {
			isa = PBXGroup;
			children = (
				849337B51A91AE63003456B5 /* GiftDetailViewController.swift */,
				849337B31A914F58003456B5 /* AddGiftViewController.swift */,
				8446A9981A8D055000D51024 /* WishListTableViewController.swift */,
			);
			name = "Wish List ViewControllers";
			sourceTree = "<group>";
		};
		CD4041481A967A5100DB40D5 /* Profile ViewControllers */ = {
			isa = PBXGroup;
			children = (
			);
			name = "Profile ViewControllers";
			sourceTree = "<group>";
		};
		CD4041491A967A5B00DB40D5 /* Friends ViewControllers */ = {
			isa = PBXGroup;
			children = (
			);
			name = "Friends ViewControllers";
			sourceTree = "<group>";
		};
		CD40414A1A967A6500DB40D5 /* Settings ViewControllers */ = {
			isa = PBXGroup;
			children = (
			);
			name = "Settings ViewControllers";
			sourceTree = "<group>";
		};
		CD40414B1A967A8800DB40D5 /* View Controllers */ = {
			isa = PBXGroup;
			children = (
				CD4041461A967A3800DB40D5 /* Events ViewControllers */,
				CD4041471A967A4700DB40D5 /* Wish List ViewControllers */,
				CD4041481A967A5100DB40D5 /* Profile ViewControllers */,
				CD4041491A967A5B00DB40D5 /* Friends ViewControllers */,
				CD40414A1A967A6500DB40D5 /* Settings ViewControllers */,
				8EDE536D1A8920DC008B49A0 /* ViewController.swift */,
				8446A98F1A8BC07800D51024 /* LoginViewController.swift */,
			);
			name = "View Controllers";
			sourceTree = "<group>";
		};
		CD40414D1A967AB200DB40D5 /* Models */ = {
			isa = PBXGroup;
			children = (
				8446A9961A8D00F200D51024 /* Users.swift */,
				8433929A1A8D0B2500E5B01B /* WishListGift.swift */,
			);
			name = Models;
			sourceTree = "<group>";
		};
/* End PBXGroup section */

/* Begin PBXNativeTarget section */
		8E9730481A86BA2C006543B1 /* iWish */ = {
			isa = PBXNativeTarget;
			buildConfigurationList = 8E97306A1A86BA2D006543B1 /* Build configuration list for PBXNativeTarget "iWish" */;
			buildPhases = (
				8E9730451A86BA2C006543B1 /* Sources */,
				8E9730461A86BA2C006543B1 /* Frameworks */,
				8E9730471A86BA2C006543B1 /* Resources */,
				849337B01A8E6927003456B5 /* Embed Frameworks */,
			);
			buildRules = (
			);
			dependencies = (
				849337AF1A8E6927003456B5 /* PBXTargetDependency */,
			);
			name = iWish;
			productName = iWish;
			productReference = 8E9730491A86BA2C006543B1 /* iWish.app */;
			productType = "com.apple.product-type.application";
		};
		8E97305F1A86BA2C006543B1 /* iWishTests */ = {
			isa = PBXNativeTarget;
			buildConfigurationList = 8E97306D1A86BA2D006543B1 /* Build configuration list for PBXNativeTarget "iWishTests" */;
			buildPhases = (
				8E97305C1A86BA2C006543B1 /* Sources */,
				8E97305D1A86BA2C006543B1 /* Frameworks */,
				8E97305E1A86BA2C006543B1 /* Resources */,
			);
			buildRules = (
			);
			dependencies = (
				8E9730621A86BA2C006543B1 /* PBXTargetDependency */,
			);
			name = iWishTests;
			productName = iWishTests;
			productReference = 8E9730601A86BA2C006543B1 /* iWishTests.xctest */;
			productType = "com.apple.product-type.bundle.unit-test";
		};
/* End PBXNativeTarget section */

/* Begin PBXProject section */
		8E9730411A86BA2C006543B1 /* Project object */ = {
			isa = PBXProject;
			attributes = {
				LastUpgradeCheck = 0610;
				ORGANIZATIONNAME = "WIS CS428";
				TargetAttributes = {
					8E9730481A86BA2C006543B1 = {
						CreatedOnToolsVersion = 6.1.1;
					};
					8E97305F1A86BA2C006543B1 = {
						CreatedOnToolsVersion = 6.1.1;
						TestTargetID = 8E9730481A86BA2C006543B1;
					};
				};
			};
			buildConfigurationList = 8E9730441A86BA2C006543B1 /* Build configuration list for PBXProject "iWish" */;
			compatibilityVersion = "Xcode 3.2";
			developmentRegion = English;
			hasScannedForEncodings = 0;
			knownRegions = (
				en,
				Base,
			);
			mainGroup = 8E9730401A86BA2C006543B1;
			productRefGroup = 8E97304A1A86BA2C006543B1 /* Products */;
			projectDirPath = "";
			projectReferences = (
				{
					ProductGroup = 849337A41A8E6913003456B5 /* Products */;
					ProjectRef = 849337A31A8E6913003456B5 /* Alamofire.xcodeproj */;
				},
			);
			projectRoot = "";
			targets = (
				8E9730481A86BA2C006543B1 /* iWish */,
				8E97305F1A86BA2C006543B1 /* iWishTests */,
			);
		};
/* End PBXProject section */

/* Begin PBXReferenceProxy section */
		849337A91A8E6913003456B5 /* Alamofire.framework */ = {
			isa = PBXReferenceProxy;
			fileType = wrapper.framework;
			path = Alamofire.framework;
			remoteRef = 849337A81A8E6913003456B5 /* PBXContainerItemProxy */;
			sourceTree = BUILT_PRODUCTS_DIR;
		};
		849337AB1A8E6913003456B5 /* AlamofireTests.xctest */ = {
			isa = PBXReferenceProxy;
			fileType = wrapper.cfbundle;
			path = AlamofireTests.xctest;
			remoteRef = 849337AA1A8E6913003456B5 /* PBXContainerItemProxy */;
			sourceTree = BUILT_PRODUCTS_DIR;
		};
/* End PBXReferenceProxy section */

/* Begin PBXResourcesBuildPhase section */
		8E9730471A86BA2C006543B1 /* Resources */ = {
			isa = PBXResourcesBuildPhase;
			buildActionMask = 2147483647;
			files = (
				CD8ACFBF1A96BBFB00426C14 /* unicorn.jpg in Resources */,
				8E9730561A86BA2C006543B1 /* Main.storyboard in Resources */,
				8E97305B1A86BA2C006543B1 /* LaunchScreen.xib in Resources */,
				8E9730581A86BA2C006543B1 /* Images.xcassets in Resources */,
				CD8ACFC11A96C19B00426C14 /* user168.png in Resources */,
				CD8ACFC31A96C20100426C14 /* door24.png in Resources */,
			);
			runOnlyForDeploymentPostprocessing = 0;
		};
		8E97305E1A86BA2C006543B1 /* Resources */ = {
			isa = PBXResourcesBuildPhase;
			buildActionMask = 2147483647;
			files = (
			);
			runOnlyForDeploymentPostprocessing = 0;
		};
/* End PBXResourcesBuildPhase section */

/* Begin PBXSourcesBuildPhase section */
		8E9730451A86BA2C006543B1 /* Sources */ = {
			isa = PBXSourcesBuildPhase;
			buildActionMask = 2147483647;
			files = (
				849337BA1A94137F003456B5 /* EventsTableViewController.swift in Sources */,
				8433929B1A8D0B2500E5B01B /* WishListGift.swift in Sources */,
				8433929D1A8D2C1A00E5B01B /* DatabaseConnection.swift in Sources */,
				8446A9971A8D00F200D51024 /* Users.swift in Sources */,
				849337B21A905551003456B5 /* SwiftyJSON.swift in Sources */,
				8446A9901A8BC07800D51024 /* LoginViewController.swift in Sources */,
				8EDE536E1A8920DC008B49A0 /* ViewController.swift in Sources */,
				849337B41A914F58003456B5 /* AddGiftViewController.swift in Sources */,
				8E97304F1A86BA2C006543B1 /* AppDelegate.swift in Sources */,
				8446A9991A8D055000D51024 /* WishListTableViewController.swift in Sources */,
				849337B61A91AE63003456B5 /* GiftDetailViewController.swift in Sources */,
			);
			runOnlyForDeploymentPostprocessing = 0;
		};
		8E97305C1A86BA2C006543B1 /* Sources */ = {
			isa = PBXSourcesBuildPhase;
			buildActionMask = 2147483647;
			files = (
				CD40415A1A967D8800DB40D5 /* AppDelegate.swift in Sources */,
				CD4041551A967D6F00DB40D5 /* LoginViewController.swift in Sources */,
				CD4041561A967D7100DB40D5 /* WishListTableViewController.swift in Sources */,
				CD40415B1A967D8C00DB40D5 /* SwiftyJSON.swift in Sources */,
				CD4041541A967D6D00DB40D5 /* ViewController.swift in Sources */,
				CD4041581A967D7900DB40D5 /* WishListGift.swift in Sources */,
				CD4041521A967D6800DB40D5 /* AddGiftViewController.swift in Sources */,
				CD4041531A967D6A00DB40D5 /* GiftDetailViewController.swift in Sources */,
				CD4041591A967D7F00DB40D5 /* DatabaseConnection.swift in Sources */,
				CD4041501A967D5E00DB40D5 /* Users.swift in Sources */,
				CD4041571A967D7400DB40D5 /* EventsTableViewController.swift in Sources */,
				CDA585C01A980C9E009842E9 /* AddRemoveGiftTests.swift in Sources */,
				8E9730671A86BA2C006543B1 /* iWishTests.swift in Sources */,
			);
			runOnlyForDeploymentPostprocessing = 0;
		};
/* End PBXSourcesBuildPhase section */

/* Begin PBXTargetDependency section */
		849337AF1A8E6927003456B5 /* PBXTargetDependency */ = {
			isa = PBXTargetDependency;
			name = Alamofire;
			targetProxy = 849337AE1A8E6927003456B5 /* PBXContainerItemProxy */;
		};
		8E9730621A86BA2C006543B1 /* PBXTargetDependency */ = {
			isa = PBXTargetDependency;
			target = 8E9730481A86BA2C006543B1 /* iWish */;
			targetProxy = 8E9730611A86BA2C006543B1 /* PBXContainerItemProxy */;
		};
/* End PBXTargetDependency section */

/* Begin PBXVariantGroup section */
		8E9730541A86BA2C006543B1 /* Main.storyboard */ = {
			isa = PBXVariantGroup;
			children = (
				8E9730551A86BA2C006543B1 /* Base */,
			);
			name = Main.storyboard;
			sourceTree = "<group>";
		};
		8E9730591A86BA2C006543B1 /* LaunchScreen.xib */ = {
			isa = PBXVariantGroup;
			children = (
				8E97305A1A86BA2C006543B1 /* Base */,
			);
			name = LaunchScreen.xib;
			sourceTree = "<group>";
		};
/* End PBXVariantGroup section */

/* Begin XCBuildConfiguration section */
		8E9730681A86BA2C006543B1 /* Debug */ = {
			isa = XCBuildConfiguration;
			buildSettings = {
				ALWAYS_SEARCH_USER_PATHS = NO;
				CLANG_CXX_LANGUAGE_STANDARD = "gnu++0x";
				CLANG_CXX_LIBRARY = "libc++";
				CLANG_ENABLE_MODULES = YES;
				CLANG_ENABLE_OBJC_ARC = YES;
				CLANG_WARN_BOOL_CONVERSION = YES;
				CLANG_WARN_CONSTANT_CONVERSION = YES;
				CLANG_WARN_DIRECT_OBJC_ISA_USAGE = YES_ERROR;
				CLANG_WARN_EMPTY_BODY = YES;
				CLANG_WARN_ENUM_CONVERSION = YES;
				CLANG_WARN_INT_CONVERSION = YES;
				CLANG_WARN_OBJC_ROOT_CLASS = YES_ERROR;
				CLANG_WARN_UNREACHABLE_CODE = YES;
				CLANG_WARN__DUPLICATE_METHOD_MATCH = YES;
				"CODE_SIGN_IDENTITY[sdk=iphoneos*]" = "iPhone Developer";
				COPY_PHASE_STRIP = NO;
				ENABLE_STRICT_OBJC_MSGSEND = YES;
				GCC_C_LANGUAGE_STANDARD = gnu99;
				GCC_DYNAMIC_NO_PIC = NO;
				GCC_OPTIMIZATION_LEVEL = 0;
				GCC_PREPROCESSOR_DEFINITIONS = (
					"DEBUG=1",
					"$(inherited)",
				);
				GCC_SYMBOLS_PRIVATE_EXTERN = NO;
				GCC_WARN_64_TO_32_BIT_CONVERSION = YES;
				GCC_WARN_ABOUT_RETURN_TYPE = YES_ERROR;
				GCC_WARN_UNDECLARED_SELECTOR = YES;
				GCC_WARN_UNINITIALIZED_AUTOS = YES_AGGRESSIVE;
				GCC_WARN_UNUSED_FUNCTION = YES;
				GCC_WARN_UNUSED_VARIABLE = YES;
				IPHONEOS_DEPLOYMENT_TARGET = 8.1;
				MTL_ENABLE_DEBUG_INFO = YES;
				ONLY_ACTIVE_ARCH = YES;
				SDKROOT = iphoneos;
				SWIFT_OPTIMIZATION_LEVEL = "-Onone";
			};
			name = Debug;
		};
		8E9730691A86BA2C006543B1 /* Release */ = {
			isa = XCBuildConfiguration;
			buildSettings = {
				ALWAYS_SEARCH_USER_PATHS = NO;
				CLANG_CXX_LANGUAGE_STANDARD = "gnu++0x";
				CLANG_CXX_LIBRARY = "libc++";
				CLANG_ENABLE_MODULES = YES;
				CLANG_ENABLE_OBJC_ARC = YES;
				CLANG_WARN_BOOL_CONVERSION = YES;
				CLANG_WARN_CONSTANT_CONVERSION = YES;
				CLANG_WARN_DIRECT_OBJC_ISA_USAGE = YES_ERROR;
				CLANG_WARN_EMPTY_BODY = YES;
				CLANG_WARN_ENUM_CONVERSION = YES;
				CLANG_WARN_INT_CONVERSION = YES;
				CLANG_WARN_OBJC_ROOT_CLASS = YES_ERROR;
				CLANG_WARN_UNREACHABLE_CODE = YES;
				CLANG_WARN__DUPLICATE_METHOD_MATCH = YES;
				"CODE_SIGN_IDENTITY[sdk=iphoneos*]" = "iPhone Developer";
				COPY_PHASE_STRIP = YES;
				ENABLE_NS_ASSERTIONS = NO;
				ENABLE_STRICT_OBJC_MSGSEND = YES;
				GCC_C_LANGUAGE_STANDARD = gnu99;
				GCC_WARN_64_TO_32_BIT_CONVERSION = YES;
				GCC_WARN_ABOUT_RETURN_TYPE = YES_ERROR;
				GCC_WARN_UNDECLARED_SELECTOR = YES;
				GCC_WARN_UNINITIALIZED_AUTOS = YES_AGGRESSIVE;
				GCC_WARN_UNUSED_FUNCTION = YES;
				GCC_WARN_UNUSED_VARIABLE = YES;
				IPHONEOS_DEPLOYMENT_TARGET = 8.1;
				MTL_ENABLE_DEBUG_INFO = NO;
				SDKROOT = iphoneos;
				VALIDATE_PRODUCT = YES;
			};
			name = Release;
		};
		8E97306B1A86BA2D006543B1 /* Debug */ = {
			isa = XCBuildConfiguration;
			buildSettings = {
				ASSETCATALOG_COMPILER_APPICON_NAME = AppIcon;
				EMBEDDED_CONTENT_CONTAINS_SWIFT = YES;
				INFOPLIST_FILE = iWish/Info.plist;
				LD_RUNPATH_SEARCH_PATHS = "$(inherited) @executable_path/Frameworks";
				PRODUCT_NAME = "$(TARGET_NAME)";
			};
			name = Debug;
		};
		8E97306C1A86BA2D006543B1 /* Release */ = {
			isa = XCBuildConfiguration;
			buildSettings = {
				ASSETCATALOG_COMPILER_APPICON_NAME = AppIcon;
				EMBEDDED_CONTENT_CONTAINS_SWIFT = YES;
				INFOPLIST_FILE = iWish/Info.plist;
				LD_RUNPATH_SEARCH_PATHS = "$(inherited) @executable_path/Frameworks";
				PRODUCT_NAME = "$(TARGET_NAME)";
			};
			name = Release;
		};
		8E97306E1A86BA2D006543B1 /* Debug */ = {
			isa = XCBuildConfiguration;
			buildSettings = {
				BUNDLE_LOADER = "$(TEST_HOST)";
				FRAMEWORK_SEARCH_PATHS = (
					"$(SDKROOT)/Developer/Library/Frameworks",
					"$(inherited)",
				);
				GCC_PREPROCESSOR_DEFINITIONS = (
					"DEBUG=1",
					"$(inherited)",
				);
				INFOPLIST_FILE = iWishTests/Info.plist;
				LD_RUNPATH_SEARCH_PATHS = "$(inherited) @executable_path/Frameworks @loader_path/Frameworks";
				PRODUCT_NAME = "$(TARGET_NAME)";
				TEST_HOST = "$(BUILT_PRODUCTS_DIR)/iWish.app/iWish";
			};
			name = Debug;
		};
		8E97306F1A86BA2D006543B1 /* Release */ = {
			isa = XCBuildConfiguration;
			buildSettings = {
				BUNDLE_LOADER = "$(TEST_HOST)";
				FRAMEWORK_SEARCH_PATHS = (
					"$(SDKROOT)/Developer/Library/Frameworks",
					"$(inherited)",
				);
				INFOPLIST_FILE = iWishTests/Info.plist;
				LD_RUNPATH_SEARCH_PATHS = "$(inherited) @executable_path/Frameworks @loader_path/Frameworks";
				PRODUCT_NAME = "$(TARGET_NAME)";
				TEST_HOST = "$(BUILT_PRODUCTS_DIR)/iWish.app/iWish";
			};
			name = Release;
		};
/* End XCBuildConfiguration section */

/* Begin XCConfigurationList section */
		8E9730441A86BA2C006543B1 /* Build configuration list for PBXProject "iWish" */ = {
			isa = XCConfigurationList;
			buildConfigurations = (
				8E9730681A86BA2C006543B1 /* Debug */,
				8E9730691A86BA2C006543B1 /* Release */,
			);
			defaultConfigurationIsVisible = 0;
			defaultConfigurationName = Release;
		};
		8E97306A1A86BA2D006543B1 /* Build configuration list for PBXNativeTarget "iWish" */ = {
			isa = XCConfigurationList;
			buildConfigurations = (
				8E97306B1A86BA2D006543B1 /* Debug */,
				8E97306C1A86BA2D006543B1 /* Release */,
			);
			defaultConfigurationIsVisible = 0;
			defaultConfigurationName = Release;
		};
		8E97306D1A86BA2D006543B1 /* Build configuration list for PBXNativeTarget "iWishTests" */ = {
			isa = XCConfigurationList;
			buildConfigurations = (
				8E97306E1A86BA2D006543B1 /* Debug */,
				8E97306F1A86BA2D006543B1 /* Release */,
			);
			defaultConfigurationIsVisible = 0;
			defaultConfigurationName = Release;
		};
/* End XCConfigurationList section */
	};
	rootObject = 8E9730411A86BA2C006543B1 /* Project object */;
}
